
Microsoft Visual Studio Solution File, Format Version 12.00
# Visual Studio Version 17
VisualStudioVersion = 17.0.31903.59
MinimumVisualStudioVersion = 10.0.40219.1
Project("{2150E333-8FDC-42A3-9474-1A3956D46DE8}") = "src", "src", "{827E0CD3-B72D-47B6-A68D-7590B98EB39B}"
EndProject
Project("{FAE04EC0-301F-11D3-BF4B-00C04F79EFBC}") = "SOPS.Domain", "src\SOPS.Domain\SOPS.Domain.csproj", "{1EECF72B-AC95-4FBF-8C73-2A0A7BF6A38D}"
EndProject
Project("{FAE04EC0-301F-11D3-BF4B-00C04F79EFBC}") = "SOPS.Application", "src\SOPS.Application\SOPS.Application.csproj", "{5C47BAAC-6D18-4DF4-AA4A-F3B18E512215}"
EndProject
Project("{FAE04EC0-301F-11D3-BF4B-00C04F79EFBC}") = "SOPS.Infrastructure", "src\SOPS.Infrastructure\SOPS.Infrastructure.csproj", "{2373A22B-F032-4966-B4FC-50EE65429203}"
EndProject
Project("{FAE04EC0-301F-11D3-BF4B-00C04F79EFBC}") = "SOPS.Api", "src\SOPS.Api\SOPS.Api.csproj", "{52C4FEA4-A631-40DF-959A-34A0CED11B3A}"
EndProject
Project("{2150E333-8FDC-42A3-9474-1A3956D46DE8}") = "tests", "tests", "{0AB3BF05-4346-4AA6-1389-037BE0695223}"
EndProject
Project("{FAE04EC0-301F-11D3-BF4B-00C04F79EFBC}") = "SOPS.Tests", "tests\SOPS.Tests\SOPS.Tests.csproj", "{71AB7598-1F9B-4D9C-B56C-F0720B7F5EB7}"
EndProject
Global
	GlobalSection(SolutionConfigurationPlatforms) = preSolution
		Debug|Any CPU = Debug|Any CPU
		Debug|x64 = Debug|x64
		Debug|x86 = Debug|x86
		Release|Any CPU = Release|Any CPU
		Release|x64 = Release|x64
		Release|x86 = Release|x86
	EndGlobalSection
	GlobalSection(ProjectConfigurationPlatforms) = postSolution
		{1EECF72B-AC95-4FBF-8C73-2A0A7BF6A38D}.Debug|Any CPU.ActiveCfg = Debug|Any CPU
		{1EECF72B-AC95-4FBF-8C73-2A0A7BF6A38D}.Debug|Any CPU.Build.0 = Debug|Any CPU
		{1EECF72B-AC95-4FBF-8C73-2A0A7BF6A38D}.Debug|x64.ActiveCfg = Debug|Any CPU
		{1EECF72B-AC95-4FBF-8C73-2A0A7BF6A38D}.Debug|x64.Build.0 = Debug|Any CPU
		{1EECF72B-AC95-4FBF-8C73-2A0A7BF6A38D}.Debug|x86.ActiveCfg = Debug|Any CPU
		{1EECF72B-AC95-4FBF-8C73-2A0A7BF6A38D}.Debug|x86.Build.0 = Debug|Any CPU
		{1EECF72B-AC95-4FBF-8C73-2A0A7BF6A38D}.Release|Any CPU.ActiveCfg = Release|Any CPU
		{1EECF72B-AC95-4FBF-8C73-2A0A7BF6A38D}.Release|Any CPU.Build.0 = Release|Any CPU
		{1EECF72B-AC95-4FBF-8C73-2A0A7BF6A38D}.Release|x64.ActiveCfg = Release|Any CPU
		{1EECF72B-AC95-4FBF-8C73-2A0A7BF6A38D}.Release|x64.Build.0 = Release|Any CPU
		{1EECF72B-AC95-4FBF-8C73-2A0A7BF6A38D}.Release|x86.ActiveCfg = Release|Any CPU
		{1EECF72B-AC95-4FBF-8C73-2A0A7BF6A38D}.Release|x86.Build.0 = Release|Any CPU
		{5C47BAAC-6D18-4DF4-AA4A-F3B18E512215}.Debug|Any CPU.ActiveCfg = Debug|Any CPU
		{5C47BAAC-6D18-4DF4-AA4A-F3B18E512215}.Debug|Any CPU.Build.0 = Debug|Any CPU
		{5C47BAAC-6D18-4DF4-AA4A-F3B18E512215}.Debug|x64.ActiveCfg = Debug|Any CPU
		{5C47BAAC-6D18-4DF4-AA4A-F3B18E512215}.Debug|x64.Build.0 = Debug|Any CPU
		{5C47BAAC-6D18-4DF4-AA4A-F3B18E512215}.Debug|x86.ActiveCfg = Debug|Any CPU
		{5C47BAAC-6D18-4DF4-AA4A-F3B18E512215}.Debug|x86.Build.0 = Debug|Any CPU
		{5C47BAAC-6D18-4DF4-AA4A-F3B18E512215}.Release|Any CPU.ActiveCfg = Release|Any CPU
		{5C47BAAC-6D18-4DF4-AA4A-F3B18E512215}.Release|Any CPU.Build.0 = Release|Any CPU
		{5C47BAAC-6D18-4DF4-AA4A-F3B18E512215}.Release|x64.ActiveCfg = Release|Any CPU
		{5C47BAAC-6D18-4DF4-AA4A-F3B18E512215}.Release|x64.Build.0 = Release|Any CPU
		{5C47BAAC-6D18-4DF4-AA4A-F3B18E512215}.Release|x86.ActiveCfg = Release|Any CPU
		{5C47BAAC-6D18-4DF4-AA4A-F3B18E512215}.Release|x86.Build.0 = Release|Any CPU
		{2373A22B-F032-4966-B4FC-50EE65429203}.Debug|Any CPU.ActiveCfg = Debug|Any CPU
		{2373A22B-F032-4966-B4FC-50EE65429203}.Debug|Any CPU.Build.0 = Debug|Any CPU
		{2373A22B-F032-4966-B4FC-50EE65429203}.Debug|x64.ActiveCfg = Debug|Any CPU
		{2373A22B-F032-4966-B4FC-50EE65429203}.Debug|x64.Build.0 = Debug|Any CPU
		{2373A22B-F032-4966-B4FC-50EE65429203}.Debug|x86.ActiveCfg = Debug|Any CPU
		{2373A22B-F032-4966-B4FC-50EE65429203}.Debug|x86.Build.0 = Debug|Any CPU
		{2373A22B-F032-4966-B4FC-50EE65429203}.Release|Any CPU.ActiveCfg = Release|Any CPU
		{2373A22B-F032-4966-B4FC-50EE65429203}.Release|Any CPU.Build.0 = Release|Any CPU
		{2373A22B-F032-4966-B4FC-50EE65429203}.Release|x64.ActiveCfg = Release|Any CPU
		{2373A22B-F032-4966-B4FC-50EE65429203}.Release|x64.Build.0 = Release|Any CPU
		{2373A22B-F032-4966-B4FC-50EE65429203}.Release|x86.ActiveCfg = Release|Any CPU
		{2373A22B-F032-4966-B4FC-50EE65429203}.Release|x86.Build.0 = Release|Any CPU
		{52C4FEA4-A631-40DF-959A-34A0CED11B3A}.Debug|Any CPU.ActiveCfg = Debug|Any CPU
		{52C4FEA4-A631-40DF-959A-34A0CED11B3A}.Debug|Any CPU.Build.0 = Debug|Any CPU
		{52C4FEA4-A631-40DF-959A-34A0CED11B3A}.Debug|x64.ActiveCfg = Debug|Any CPU
		{52C4FEA4-A631-40DF-959A-34A0CED11B3A}.Debug|x64.Build.0 = Debug|Any CPU
		{52C4FEA4-A631-40DF-959A-34A0CED11B3A}.Debug|x86.ActiveCfg = Debug|Any CPU
		{52C4FEA4-A631-40DF-959A-34A0CED11B3A}.Debug|x86.Build.0 = Debug|Any CPU
		{52C4FEA4-A631-40DF-959A-34A0CED11B3A}.Release|Any CPU.ActiveCfg = Release|Any CPU
		{52C4FEA4-A631-40DF-959A-34A0CED11B3A}.Release|Any CPU.Build.0 = Release|Any CPU
		{52C4FEA4-A631-40DF-959A-34A0CED11B3A}.Release|x64.ActiveCfg = Release|Any CPU
		{52C4FEA4-A631-40DF-959A-34A0CED11B3A}.Release|x64.Build.0 = Release|Any CPU
		{52C4FEA4-A631-40DF-959A-34A0CED11B3A}.Release|x86.ActiveCfg = Release|Any CPU
		{52C4FEA4-A631-40DF-959A-34A0CED11B3A}.Release|x86.Build.0 = Release|Any CPU
		{71AB7598-1F9B-4D9C-B56C-F0720B7F5EB7}.Debug|Any CPU.ActiveCfg = Debug|Any CPU
		{71AB7598-1F9B-4D9C-B56C-F0720B7F5EB7}.Debug|Any CPU.Build.0 = Debug|Any CPU
		{71AB7598-1F9B-4D9C-B56C-F0720B7F5EB7}.Debug|x64.ActiveCfg = Debug|Any CPU
		{71AB7598-1F9B-4D9C-B56C-F0720B7F5EB7}.Debug|x64.Build.0 = Debug|Any CPU
		{71AB7598-1F9B-4D9C-B56C-F0720B7F5EB7}.Debug|x86.ActiveCfg = Debug|Any CPU
		{71AB7598-1F9B-4D9C-B56C-F0720B7F5EB7}.Debug|x86.Build.0 = Debug|Any CPU
		{71AB7598-1F9B-4D9C-B56C-F0720B7F5EB7}.Release|Any CPU.ActiveCfg = Release|Any CPU
		{71AB7598-1F9B-4D9C-B56C-F0720B7F5EB7}.Release|Any CPU.Build.0 = Release|Any CPU
		{71AB7598-1F9B-4D9C-B56C-F0720B7F5EB7}.Release|x64.ActiveCfg = Release|Any CPU
		{71AB7598-1F9B-4D9C-B56C-F0720B7F5EB7}.Release|x64.Build.0 = Release|Any CPU
		{71AB7598-1F9B-4D9C-B56C-F0720B7F5EB7}.Release|x86.ActiveCfg = Release|Any CPU
		{71AB7598-1F9B-4D9C-B56C-F0720B7F5EB7}.Release|x86.Build.0 = Release|Any CPU
	EndGlobalSection
	GlobalSection(SolutionProperties) = preSolution
		HideSolutionNode = FALSE
	EndGlobalSection
	GlobalSection(NestedProjects) = preSolution
		{1EECF72B-AC95-4FBF-8C73-2A0A7BF6A38D} = {827E0CD3-B72D-47B6-A68D-7590B98EB39B}
		{5C47BAAC-6D18-4DF4-AA4A-F3B18E512215} = {827E0CD3-B72D-47B6-A68D-7590B98EB39B}
		{2373A22B-F032-4966-B4FC-50EE65429203} = {827E0CD3-B72D-47B6-A68D-7590B98EB39B}
		{52C4FEA4-A631-40DF-959A-34A0CED11B3A} = {827E0CD3-B72D-47B6-A68D-7590B98EB39B}
		{71AB7598-1F9B-4D9C-B56C-F0720B7F5EB7} = {0AB3BF05-4346-4AA6-1389-037BE0695223}
	EndGlobalSection
EndGlobal
